{
  "name": "htmlcontent",
  "version": "1.0.0",
  "lockfileVersion": 3,
  "requires": true,
  "packages": {
    "": {
      "name": "htmlcontent",
      "version": "1.0.0",
      "dependencies": {
        "@angular/common": "~2.1.2",
        "@angular/compiler": "~2.1.2",
        "@angular/core": "~2.1.2",
        "@angular/forms": "~2.1.2",
        "@angular/http": "~2.1.2",
        "@angular/platform-browser": "~2.1.2",
        "@angular/platform-browser-dynamic": "~2.1.2",
        "@angular/router": "~3.1.2",
        "@angular/upgrade": "~2.1.2",
        "angular-in-memory-web-api": "~0.1.13",
        "angular2-slickgrid": "github:microsoft/angular2-slickgrid#1.2.2",
        "copy-paste": "^1.3.0",
        "core-js": "^2.4.1",
        "jasmine-core": "~2.4.1",
        "moment": "^2.15.1",
        "rangy": "^1.3.0",
        "reflect-metadata": "0.1.12",
        "slickgrid": "github:anthonydresser/SlickGrid#2.3.23",
        "systemjs": "0.19.40",
        "systemjs-plugin-json": "^0.2.0",
        "underscore": "^1.8.3"
      },
      "devDependencies": {
        "assert": "^1.4.1"
      }
    },
    "node_modules/@angular/common": {
      "version": "2.1.2",
      "resolved": "https://registry.npmjs.org/@angular/common/-/common-2.1.2.tgz",
      "integrity": "sha512-YmtHrf7A4msj3bOeFDO9kOUtnoMCJE/AYDINDk3jQzbjH6U0bl8qb8M7+UqEpjnawlrQm2Wc8PuY/sTb5oYUkg==",
      "license": "MIT",
      "peerDependencies": {
        "@angular/core": "2.1.2"
      }
    },
    "node_modules/@angular/compiler": {
      "version": "2.1.2",
      "resolved": "https://registry.npmjs.org/@angular/compiler/-/compiler-2.1.2.tgz",
      "integrity": "sha512-bVt0LmQtUBvmOaSavtade/OX5+yjuVg3N8q4xk5QJbyGpIhK5XUHlgyV+mu3INBBCJbBoHTQ/J6DqlRBhi/Z2Q==",
      "license": "MIT",
      "peerDependencies": {
        "@angular/core": "2.1.2"
      }
    },
    "node_modules/@angular/core": {
      "version": "2.1.2",
      "resolved": "https://registry.npmjs.org/@angular/core/-/core-2.1.2.tgz",
      "integrity": "sha512-1XioXNKok5uU+2EhpzaUP1LGrvT4nHxkaboDfsNq1zXdv+NQv3p3nywJeminE7BW4eslSBRQrdPgsi2+iKbvzQ==",
      "license": "MIT",
      "peerDependencies": {
        "rxjs": "5.0.0-beta.12",
        "zone.js": "^0.6.21"
      }
    },
    "node_modules/@angular/forms": {
      "version": "2.1.2",
      "resolved": "https://registry.npmjs.org/@angular/forms/-/forms-2.1.2.tgz",
      "integrity": "sha512-k2y4RDVv8Fg93Y7W9Tu+a5m8AMAyVpwGTa+nZ4D9STPaRORcWS+hZ9XirFJ39D62IkgUYBU5DURKbsYFmL5rlA==",
      "license": "MIT",
      "peerDependencies": {
        "@angular/common": "2.1.2",
        "@angular/core": "2.1.2"
      }
    },
    "node_modules/@angular/http": {
      "version": "2.1.2",
      "resolved": "https://registry.npmjs.org/@angular/http/-/http-2.1.2.tgz",
      "integrity": "sha512-zM15jL1MQrHICpStHFlaFm6D28gWUul3jAmF2zrQusIcYt3iiYK//vroe+S6SkeN1jnRCjY2LNbpjlvkvnw5yA==",
      "deprecated": "Package no longer supported. Use @angular/common instead, see https://angular.io/guide/deprecations#angularhttp",
      "license": "MIT",
      "peerDependencies": {
        "@angular/core": "2.1.2",
        "@angular/platform-browser": "2.1.2",
        "rxjs": "5.0.0-beta.12"
      }
    },
    "node_modules/@angular/platform-browser": {
      "version": "2.1.2",
      "resolved": "https://registry.npmjs.org/@angular/platform-browser/-/platform-browser-2.1.2.tgz",
      "integrity": "sha512-7UKjqoMf6KyrOCbrCWw4ZTrBrm7hnb1gQFJI1lTmE4IUt1XDpzVXnEDIDI4D/xRPwFZoP4BjRN0eBjXzoTWkqg==",
      "license": "MIT",
      "peerDependencies": {
        "@angular/common": "2.1.2",
        "@angular/core": "2.1.2"
      }
    },
    "node_modules/@angular/platform-browser-dynamic": {
      "version": "2.1.2",
      "resolved": "https://registry.npmjs.org/@angular/platform-browser-dynamic/-/platform-browser-dynamic-2.1.2.tgz",
      "integrity": "sha512-V6By68V/2uj6k4MPtRQKMQOgqKGDMTpJ8xih2T0xDgrP7U3G0mB+m6b5jCBvPAkFYcmMcNTmZlaxl16+YqDZ5A==",
      "license": "MIT",
      "peerDependencies": {
        "@angular/common": "2.1.2",
        "@angular/compiler": "2.1.2",
        "@angular/core": "2.1.2",
        "@angular/platform-browser": "2.1.2"
      }
    },
    "node_modules/@angular/router": {
      "version": "3.1.2",
      "resolved": "https://registry.npmjs.org/@angular/router/-/router-3.1.2.tgz",
      "integrity": "sha512-tvKMCqTkQFLO0otubTEL7Ssq3C5AhQfx3Roim633LYVWeeV8VbX3HWR1ZaoEK4Aa5syiL1SrjJvRhJuxmYy1sg==",
      "license": "MIT",
      "peerDependencies": {
        "@angular/common": "2.1.2",
        "@angular/core": "2.1.2",
        "@angular/platform-browser": "2.1.2",
        "rxjs": "5.0.0-beta.12"
      }
    },
    "node_modules/@angular/upgrade": {
      "version": "2.1.2",
      "resolved": "https://registry.npmjs.org/@angular/upgrade/-/upgrade-2.1.2.tgz",
      "integrity": "sha512-NBY9fxmSzo5pJOZw0mPmKM65oe69SKHlQICcLjm/XbKSYjJc40mr/oaiF+DYRE28MyZZH8Gszj1hwZUzWXej5Q==",
      "license": "MIT",
      "peerDependencies": {
        "@angular/compiler": "2.1.2",
        "@angular/core": "2.1.2",
        "@angular/platform-browser": "2.1.2",
        "@angular/platform-browser-dynamic": "2.1.2"
      }
    },
    "node_modules/angular-in-memory-web-api": {
      "version": "0.1.17",
      "resolved": "https://registry.npmjs.org/angular-in-memory-web-api/-/angular-in-memory-web-api-0.1.17.tgz",
      "integrity": "sha512-JEQCmpLIIi+smwwszT42shDkvsAEeYG0Ig9CXCuUQD9Nb6+yuCFK+ErXadgu4QzXa7dkys9mkumnd7Pbz4lLJw==",
      "license": "MIT",
      "peerDependencies": {
        "@angular/core": "^2.0.0",
        "@angular/http": "^2.0.0",
        "reflect-metadata": "~0.1.8",
        "rxjs": "5.0.0-rc.4",
        "zone.js": "^0.7.2"
      }
    },
    "node_modules/angular2-slickgrid": {
      "version": "1.2.1",
      "resolved": "git+ssh://git@github.com/microsoft/angular2-slickgrid.git#d4716d9718df5012437cf2b52fcddde70089582d",
      "license": "ISC",
      "peerDependencies": {
        "@angular/common": "~2.1.2",
        "@angular/compiler": "~2.1.2",
        "@angular/core": "~2.1.2",
        "@angular/forms": "~2.1.2",
        "@angular/http": "~2.1.2",
        "@angular/platform-browser": "~2.1.2",
        "@angular/platform-browser-dynamic": "~2.1.2",
        "@angular/router": "~3.1.2",
        "@angular/upgrade": "~2.1.2",
        "angular-in-memory-web-api": "~0.1.13",
        "core-js": "^2.4.1",
        "moment": "^2.15.1",
        "reflect-metadata": "^0.1.8",
        "rxjs": "5.0.0-beta.12",
        "slickgrid": "github:anthonydresser/SlickGrid",
        "systemjs": "0.19.40",
        "underscore": "^1.8.3",
        "zone.js": "^0.6.26"
      }
    },
    "node_modules/assert": {
      "version": "1.5.1",
      "resolved": "https://registry.npmjs.org/assert/-/assert-1.5.1.tgz",
      "integrity": "sha512-zzw1uCAgLbsKwBfFc8CX78DDg+xZeBksSO3vwVIDDN5i94eOrPsSSyiVhmsSABFDM/OcpE2aagCat9dnWQLG1A==",
      "dev": true,
      "license": "MIT",
      "dependencies": {
        "object.assign": "^4.1.4",
        "util": "^0.10.4"
      }
    },
    "node_modules/call-bind": {
      "version": "1.0.7",
      "resolved": "https://registry.npmjs.org/call-bind/-/call-bind-1.0.7.tgz",
      "integrity": "sha512-GHTSNSYICQ7scH7sZ+M2rFopRoLh8t2bLSW6BbgrtLsahOIB5iyAVJf9GjWK3cYTDaMj4XdBpM1cA6pIS0Kv2w==",
      "dev": true,
      "license": "MIT",
      "dependencies": {
        "es-define-property": "^1.0.0",
        "es-errors": "^1.3.0",
        "function-bind": "^1.1.2",
        "get-intrinsic": "^1.2.4",
        "set-function-length": "^1.2.1"
      },
      "engines": {
        "node": ">= 0.4"
      },
      "funding": {
        "url": "https://github.com/sponsors/ljharb"
      }
    },
    "node_modules/copy-paste": {
      "version": "1.5.3",
      "resolved": "https://registry.npmjs.org/copy-paste/-/copy-paste-1.5.3.tgz",
      "integrity": "sha512-qOnFo+8l8vemGmdcoCiD7gPTefkXEg2rivYE+EBtuKOj754eFivkGhGAM9e/xqShrpuVE11evSxGnHwVAUK1Iw==",
      "dependencies": {
        "iconv-lite": "^0.4.8"
      }
    },
    "node_modules/core-js": {
      "version": "2.6.12",
      "resolved": "https://registry.npmjs.org/core-js/-/core-js-2.6.12.tgz",
      "integrity": "sha512-Kb2wC0fvsWfQrgk8HU5lW6U/Lcs8+9aaYcy4ZFc6DDlo4nZ7n70dEgE5rtR0oG6ufKDUnrwfWL1mXR5ljDatrQ==",
      "deprecated": "core-js@<3.23.3 is no longer maintained and not recommended for usage due to the number of issues. Because of the V8 engine whims, feature detection in old core-js versions could cause a slowdown up to 100x even if nothing is polyfilled. Some versions have web compatibility issues. Please, upgrade your dependencies to the actual version of core-js.",
      "hasInstallScript": true,
      "license": "MIT"
    },
    "node_modules/define-data-property": {
      "version": "1.1.4",
      "resolved": "https://registry.npmjs.org/define-data-property/-/define-data-property-1.1.4.tgz",
      "integrity": "sha512-rBMvIzlpA8v6E+SJZoo++HAYqsLrkg7MSfIinMPFhmkorw7X+dOXVJQs+QT69zGkzMyfDnIMN2Wid1+NbL3T+A==",
      "dev": true,
      "license": "MIT",
      "dependencies": {
        "es-define-property": "^1.0.0",
        "es-errors": "^1.3.0",
        "gopd": "^1.0.1"
      },
      "engines": {
        "node": ">= 0.4"
      },
      "funding": {
        "url": "https://github.com/sponsors/ljharb"
      }
    },
    "node_modules/define-properties": {
      "version": "1.2.1",
      "resolved": "https://registry.npmjs.org/define-properties/-/define-properties-1.2.1.tgz",
      "integrity": "sha512-8QmQKqEASLd5nx0U1B1okLElbUuuttJ/AnYmRXbbbGDWh6uS208EjD4Xqq/I9wK7u0v6O08XhTWnt5XtEbR6Dg==",
      "dev": true,
      "license": "MIT",
      "dependencies": {
        "define-data-property": "^1.0.1",
        "has-property-descriptors": "^1.0.0",
        "object-keys": "^1.1.1"
      },
      "engines": {
        "node": ">= 0.4"
      },
      "funding": {
        "url": "https://github.com/sponsors/ljharb"
      }
    },
    "node_modules/es-define-property": {
      "version": "1.0.0",
      "resolved": "https://registry.npmjs.org/es-define-property/-/es-define-property-1.0.0.tgz",
      "integrity": "sha512-jxayLKShrEqqzJ0eumQbVhTYQM27CfT1T35+gCgDFoL82JLsXqTJ76zv6A0YLOgEnLUMvLzsDsGIrl8NFpT2gQ==",
      "dev": true,
      "license": "MIT",
      "dependencies": {
        "get-intrinsic": "^1.2.4"
      },
      "engines": {
        "node": ">= 0.4"
      }
    },
    "node_modules/es-errors": {
      "version": "1.3.0",
      "resolved": "https://registry.npmjs.org/es-errors/-/es-errors-1.3.0.tgz",
      "integrity": "sha512-Zf5H2Kxt2xjTvbJvP2ZWLEICxA6j+hAmMzIlypy4xcBg1vKVnx89Wy0GbS+kf5cwCVFFzdCFh2XSCFNULS6csw==",
      "dev": true,
      "license": "MIT",
      "engines": {
        "node": ">= 0.4"
      }
    },
    "node_modules/function-bind": {
      "version": "1.1.2",
      "resolved": "https://registry.npmjs.org/function-bind/-/function-bind-1.1.2.tgz",
      "integrity": "sha512-7XHNxH7qX9xG5mIwxkhumTox/MIRNcOgDrxWsMt2pAr23WHp6MrRlN7FBSFpCpr+oVO0F744iUgR82nJMfG2SA==",
      "dev": true,
      "license": "MIT",
      "funding": {
        "url": "https://github.com/sponsors/ljharb"
      }
    },
    "node_modules/get-intrinsic": {
      "version": "1.2.4",
      "resolved": "https://registry.npmjs.org/get-intrinsic/-/get-intrinsic-1.2.4.tgz",
      "integrity": "sha512-5uYhsJH8VJBTv7oslg4BznJYhDoRI6waYCxMmCdnTrcCrHA/fCFKoTFz2JKKE0HdDFUF7/oQuhzumXJK7paBRQ==",
      "dev": true,
      "license": "MIT",
      "dependencies": {
        "es-errors": "^1.3.0",
        "function-bind": "^1.1.2",
        "has-proto": "^1.0.1",
        "has-symbols": "^1.0.3",
        "hasown": "^2.0.0"
      },
      "engines": {
        "node": ">= 0.4"
      },
      "funding": {
        "url": "https://github.com/sponsors/ljharb"
      }
    },
    "node_modules/gopd": {
      "version": "1.0.1",
      "resolved": "https://registry.npmjs.org/gopd/-/gopd-1.0.1.tgz",
      "integrity": "sha512-d65bNlIadxvpb/A2abVdlqKqV563juRnZ1Wtk6s1sIR8uNsXR70xqIzVqxVf1eTqDunwT2MkczEeaezCKTZhwA==",
      "dev": true,
      "license": "MIT",
      "dependencies": {
        "get-intrinsic": "^1.1.3"
      },
      "funding": {
        "url": "https://github.com/sponsors/ljharb"
      }
    },
    "node_modules/has-property-descriptors": {
      "version": "1.0.2",
      "resolved": "https://registry.npmjs.org/has-property-descriptors/-/has-property-descriptors-1.0.2.tgz",
      "integrity": "sha512-55JNKuIW+vq4Ke1BjOTjM2YctQIvCT7GFzHwmfZPGo5wnrgkid0YQtnAleFSqumZm4az3n2BS+erby5ipJdgrg==",
      "dev": true,
      "license": "MIT",
      "dependencies": {
        "es-define-property": "^1.0.0"
      },
      "funding": {
        "url": "https://github.com/sponsors/ljharb"
      }
    },
    "node_modules/has-proto": {
      "version": "1.0.3",
      "resolved": "https://registry.npmjs.org/has-proto/-/has-proto-1.0.3.tgz",
      "integrity": "sha512-SJ1amZAJUiZS+PhsVLf5tGydlaVB8EdFpaSO4gmiUKUOxk8qzn5AIy4ZeJUmh22znIdk/uMAUT2pl3FxzVUH+Q==",
      "dev": true,
      "license": "MIT",
      "engines": {
        "node": ">= 0.4"
      },
      "funding": {
        "url": "https://github.com/sponsors/ljharb"
      }
    },
    "node_modules/has-symbols": {
      "version": "1.0.3",
      "resolved": "https://registry.npmjs.org/has-symbols/-/has-symbols-1.0.3.tgz",
      "integrity": "sha512-l3LCuF6MgDNwTDKkdYGEihYjt5pRPbEg46rtlmnSPlUbgmB8LOIrKJbYYFBSbnPaJexMKtiPO8hmeRjRz2Td+A==",
      "dev": true,
      "license": "MIT",
      "engines": {
        "node": ">= 0.4"
      },
      "funding": {
        "url": "https://github.com/sponsors/ljharb"
      }
    },
    "node_modules/hasown": {
      "version": "2.0.2",
      "resolved": "https://registry.npmjs.org/hasown/-/hasown-2.0.2.tgz",
      "integrity": "sha512-0hJU9SCPvmMzIBdZFqNPXWa6dqh7WdH0cII9y+CyS8rG3nL48Bclra9HmKhVVUHyPWNH5Y7xDwAB7bfgSjkUMQ==",
      "dev": true,
      "license": "MIT",
      "dependencies": {
        "function-bind": "^1.1.2"
      },
      "engines": {
        "node": ">= 0.4"
      }
    },
    "node_modules/iconv-lite": {
      "version": "0.4.24",
      "resolved": "https://registry.npmjs.org/iconv-lite/-/iconv-lite-0.4.24.tgz",
      "integrity": "sha512-v3MXnZAcvnywkTUEZomIActle7RXXeedOR31wwl7VlyoXO4Qi9arvSenNQWne1TcRwhCL1HwLI21bEqdpj8/rA==",
      "license": "MIT",
      "dependencies": {
        "safer-buffer": ">= 2.1.2 < 3"
      },
      "engines": {
        "node": ">=0.10.0"
      }
    },
    "node_modules/inherits": {
      "version": "2.0.3",
      "resolved": "https://registry.npmjs.org/inherits/-/inherits-2.0.3.tgz",
      "integrity": "sha512-x00IRNXNy63jwGkJmzPigoySHbaqpNuzKbBOmzK+g2OdZpQ9w+sxCN+VSB3ja7IAge2OP2qpfxTjeNcyjmW1uw==",
      "dev": true,
      "license": "ISC"
    },
    "node_modules/jasmine-core": {
      "version": "2.4.1",
      "resolved": "https://registry.npmjs.org/jasmine-core/-/jasmine-core-2.4.1.tgz",
      "integrity": "sha512-je45tHvlelm8hbkQ+7CYTZx5pVxe5gQP0xUNagQ36jZOYJyVpQaoJPs3Fs45vswj+6TC0LgE0D1mZ2XGcHqJFw==",
      "license": "MIT"
    },
    "node_modules/jquery": {
      "version": "3.7.1",
      "resolved": "https://registry.npmjs.org/jquery/-/jquery-3.7.1.tgz",
      "integrity": "sha512-m4avr8yL8kmFN8psrbFFFmB/If14iN5o9nw/NgnnM+kybDJpRsAynV2BsfpTYrTRysYUdADVD7CkUUizgkpLfg==",
      "license": "MIT"
    },
    "node_modules/jquery-ui": {
      "version": "1.14.0",
      "resolved": "https://registry.npmjs.org/jquery-ui/-/jquery-ui-1.14.0.tgz",
      "integrity": "sha512-mPfYKBoRCf0MzaT2cyW5i3IuZ7PfTITaasO5OFLAQxrHuI+ZxruPa+4/K1OMNT8oElLWGtIxc9aRbyw20BKr8g==",
      "license": "MIT",
      "dependencies": {
        "jquery": ">=1.12.0 <5.0.0"
      }
    },
    "node_modules/moment": {
      "version": "2.30.1",
      "resolved": "https://registry.npmjs.org/moment/-/moment-2.30.1.tgz",
      "integrity": "sha512-uEmtNhbDOrWPFS+hdjFCBfy9f2YoyzRpwcl+DqpC6taX21FzsTLQVbMV/W7PzNSX6x/bhC1zA3c2UQ5NzH6how==",
      "license": "MIT",
      "engines": {
        "node": "*"
      }
    },
    "node_modules/object-keys": {
      "version": "1.1.1",
      "resolved": "https://registry.npmjs.org/object-keys/-/object-keys-1.1.1.tgz",
      "integrity": "sha512-NuAESUOUMrlIXOfHKzD6bpPu3tYt3xvjNdRIQ+FeT0lNb4K8WR70CaDxhuNguS2XG+GjkyMwOzsN5ZktImfhLA==",
      "dev": true,
      "license": "MIT",
      "engines": {
        "node": ">= 0.4"
      }
    },
    "node_modules/object.assign": {
      "version": "4.1.5",
      "resolved": "https://registry.npmjs.org/object.assign/-/object.assign-4.1.5.tgz",
      "integrity": "sha512-byy+U7gp+FVwmyzKPYhW2h5l3crpmGsxl7X2s8y43IgxvG4g3QZ6CffDtsNQy1WsmZpQbO+ybo0AlW7TY6DcBQ==",
      "dev": true,
      "license": "MIT",
      "dependencies": {
        "call-bind": "^1.0.5",
        "define-properties": "^1.2.1",
        "has-symbols": "^1.0.3",
        "object-keys": "^1.1.1"
      },
      "engines": {
        "node": ">= 0.4"
      },
      "funding": {
        "url": "https://github.com/sponsors/ljharb"
      }
    },
    "node_modules/rangy": {
      "version": "1.3.1",
      "resolved": "https://registry.npmjs.org/rangy/-/rangy-1.3.1.tgz",
      "integrity": "sha512-gfo1FOzdvcrcCR+wf0XMKPJBD3p2nHUw2wvNtuKsaHoI2dXQ9vH2QIpSQMV+mWLvKSqPfDNThhlyK8UN1hJijw=="
    },
    "node_modules/reflect-metadata": {
      "version": "0.1.12",
      "resolved": "https://registry.npmjs.org/reflect-metadata/-/reflect-metadata-0.1.12.tgz",
      "integrity": "sha512-n+IyV+nGz3+0q3/Yf1ra12KpCyi001bi4XFxSjbiWWjfqb52iTTtpGXmCCAOWWIAn9KEuFZKGqBERHmrtScZ3A==",
      "license": "Apache-2.0"
    },
    "node_modules/rxjs": {
      "version": "5.0.3",
      "resolved": "https://registry.npmjs.org/rxjs/-/rxjs-5.0.3.tgz",
      "integrity": "sha512-+SFd2FjOIOJ1UVg/u56zuZ6BxP8RSRClhvdDHDUX3tA4E0yki3LtY5MphunADXa2QtORl1t++dgYYvxRNWns/A==",
      "license": "Apache-2.0",
      "peer": true,
      "dependencies": {
        "symbol-observable": "^1.0.1"
      },
      "engines": {
        "npm": ">=2.0.0"
      }
    },
    "node_modules/safer-buffer": {
      "version": "2.1.2",
      "resolved": "https://registry.npmjs.org/safer-buffer/-/safer-buffer-2.1.2.tgz",
      "integrity": "sha512-YZo3K82SD7Riyi0E1EQPojLz7kpepnSQI9IyPbHHg1XXXevb5dJI7tpyN2ADxGcQbHG7vcyRHk0cbwqcQriUtg==",
      "license": "MIT"
    },
    "node_modules/set-function-length": {
      "version": "1.2.2",
      "resolved": "https://registry.npmjs.org/set-function-length/-/set-function-length-1.2.2.tgz",
      "integrity": "sha512-pgRc4hJ4/sNjWCSS9AmnS40x3bNMDTknHgL5UaMBTMyJnU90EgWh1Rz+MC9eFu4BuN/UwZjKQuY/1v3rM7HMfg==",
      "dev": true,
      "license": "MIT",
      "dependencies": {
        "define-data-property": "^1.1.4",
        "es-errors": "^1.3.0",
        "function-bind": "^1.1.2",
        "get-intrinsic": "^1.2.4",
        "gopd": "^1.0.1",
        "has-property-descriptors": "^1.0.2"
      },
      "engines": {
        "node": ">= 0.4"
      }
    },
    "node_modules/slickgrid": {
      "version": "2.3.23",
      "resolved": "git+ssh://git@github.com/anthonydresser/SlickGrid.git#a88c0c25fd6cbe01be86b3018f523987a198a6b6",
      "license": "MIT",
      "dependencies": {
        "jquery": ">=1.8.0",
        "jquery-ui": ">=1.8.0"
      }
    },
    "node_modules/symbol-observable": {
      "version": "1.2.0",
      "resolved": "https://registry.npmjs.org/symbol-observable/-/symbol-observable-1.2.0.tgz",
      "integrity": "sha512-e900nM8RRtGhlV36KGEU9k65K3mPb1WV70OdjfxlG2EAuM1noi/E/BaW/uMhL7bPEssK8QV57vN3esixjUvcXQ==",
      "license": "MIT",
      "peer": true,
      "engines": {
        "node": ">=0.10.0"
      }
    },
    "node_modules/systemjs": {
      "version": "0.19.40",
      "resolved": "https://registry.npmjs.org/systemjs/-/systemjs-0.19.40.tgz",
      "integrity": "sha512-EPQiJqF4s5NUKupaGANd7UO8F52uXu0gcdGdwvssMURZGOYtMZyNYb5aFJxEYJszXLnY4uTsj+QCq/uQXKsNDw==",
      "license": "MIT",
      "dependencies": {
        "when": "^3.7.5"
      }
    },
    "node_modules/systemjs-plugin-json": {
      "version": "0.2.3",
      "resolved": "https://registry.npmjs.org/systemjs-plugin-json/-/systemjs-plugin-json-0.2.3.tgz",
      "integrity": "sha512-XD7QTCHa3LHxZRi/a65R5aoDQcjl4AWmMXuxVTjeAjSTL2RWGUnui/T0uTzoBeIf8L10Cn6CdnG4F4XxDNlXXQ==",
      "license": "MIT"
    },
    "node_modules/underscore": {
      "version": "1.13.7",
      "resolved": "https://registry.npmjs.org/underscore/-/underscore-1.13.7.tgz",
      "integrity": "sha512-GMXzWtsc57XAtguZgaQViUOzs0KTkk8ojr3/xAxXLITqf/3EMwxC0inyETfDFjH/Krbhuep0HNbbjI9i/q3F3g==",
      "license": "MIT"
    },
    "node_modules/util": {
      "version": "0.10.4",
      "resolved": "https://registry.npmjs.org/util/-/util-0.10.4.tgz",
      "integrity": "sha512-0Pm9hTQ3se5ll1XihRic3FDIku70C+iHUdT/W926rSgHV5QgXsYbKZN8MSC3tJtSkhuROzvsQjAaFENRXr+19A==",
      "dev": true,
      "license": "MIT",
      "dependencies": {
        "inherits": "2.0.3"
      }
    },
    "node_modules/when": {
      "version": "3.7.8",
      "resolved": "https://registry.npmjs.org/when/-/when-3.7.8.tgz",
      "integrity": "sha512-5cZ7mecD3eYcMiCH4wtRPA5iFJZ50BJYDfckI5RRpQiktMiYTcn0ccLTZOvcbBume+1304fQztxeNzNS9Gvrnw==",
      "license": "MIT"
    },
    "node_modules/zone.js": {
      "version": "0.7.8",
      "resolved": "https://registry.npmjs.org/zone.js/-/zone.js-0.7.8.tgz",
      "integrity": "sha512-u7Hdq+ZRTN/fxoa/G/IYNhkTqUlFODtJIc7iE1EAhhsnjRa/NroQ2ApaKUiVu5W4fpXXjH17Ia7eUtF2sQKgsQ==",
      "license": "MIT",
      "peer": true
    }
  }
}
