{
  "name": "htmlcontent",
  "version": "1.0.0",
  "lockfileVersion": 3,
  "requires": true,
  "packages": {
    "": {
      "name": "htmlcontent",
      "version": "1.0.0",
      "dependencies": {
        "@angular/common": "~4.4.7",
        "@angular/compiler": "~4.4.7",
        "@angular/core": "~4.4.7",
        "@angular/forms": "~4.4.7",
        "@angular/platform-browser": "~4.4.7",
        "@angular/platform-browser-dynamic": "~4.4.7",
        "@angular/router": "~4.4.7",
        "@angular/upgrade": "~4.4.7",
        "angular-in-memory-web-api": "~0.4.6",
        "angular2-slickgrid": "github:microsoft/angular2-slickgrid#1.2.2",
        "copy-paste": "^1.3.0",
        "core-js": "^2.4.1",
        "jasmine-core": "~2.4.1",
        "moment": "^2.15.1",
        "rangy": "^1.3.0",
        "reflect-metadata": "0.1.12",
        "slickgrid": "github:anthonydresser/SlickGrid#2.3.23",
        "systemjs": "0.19.40",
        "systemjs-plugin-json": "^0.2.0",
        "underscore": "^1.8.3"
      },
      "devDependencies": {
        "assert": "^1.4.1"
      }
    },
    "node_modules/@angular/common": {
      "version": "4.4.7",
      "resolved": "https://registry.npmjs.org/@angular/common/-/common-4.4.7.tgz",
      "integrity": "sha512-5R0POjbT4CR+8vXS7P33SiozJpTEKDsHq07EMm90OCwoofU5DIKDLNyEqr362zsbpzGUTmhGbSiLZib5Qt4djA==",
      "license": "MIT",
      "dependencies": {
        "tslib": "^1.7.1"
      },
      "peerDependencies": {
        "@angular/core": "4.4.7"
      }
    },
    "node_modules/@angular/compiler": {
      "version": "4.4.7",
      "resolved": "https://registry.npmjs.org/@angular/compiler/-/compiler-4.4.7.tgz",
      "integrity": "sha512-aiRh86RqHMTgJ7xckQWzG2UTnq23+WuDVhYh/QL19R43areZLglqgtKSkfezg9aatO5CGzxDA3qL5WGhccQ5EQ==",
      "license": "MIT",
      "dependencies": {
        "tslib": "^1.7.1"
      },
      "peerDependencies": {
        "@angular/core": "4.4.7"
      }
    },
    "node_modules/@angular/core": {
      "version": "4.4.7",
      "resolved": "https://registry.npmjs.org/@angular/core/-/core-4.4.7.tgz",
      "integrity": "sha512-Jxs6gNTl5KjXflg5vi5rlnokq1johFccN94qSOgDv+Mg1iuGF2i9p7EHkw3Y8jBCVaSLw1qgHE+wMb6KTlJDLA==",
      "license": "MIT",
      "dependencies": {
        "tslib": "^1.7.1"
      },
      "peerDependencies": {
        "rxjs": "^5.0.1",
        "zone.js": "^0.8.4"
      }
    },
    "node_modules/@angular/forms": {
      "version": "4.4.7",
      "resolved": "https://registry.npmjs.org/@angular/forms/-/forms-4.4.7.tgz",
      "integrity": "sha512-EXGutI4GNBptpwkCQdCTxWAlJll8aCV7m3cA1FHZgFP7VNSgYF0pD+PscM5jSeajG30cRjaKxgL4cqj6yMMtww==",
      "license": "MIT",
      "dependencies": {
        "tslib": "^1.7.1"
      },
      "peerDependencies": {
        "@angular/common": "4.4.7",
        "@angular/core": "4.4.7",
        "@angular/platform-browser": "4.4.7"
      }
    },
    "node_modules/@angular/http": {
      "version": "4.4.7",
      "resolved": "https://registry.npmjs.org/@angular/http/-/http-4.4.7.tgz",
      "integrity": "sha512-9XrvXFVuHsAfVlIbM6Em2EouKiRyV2y4nPA+dAUd/9uB9i/i+FzZlmmeSIvP7ePnm6QyAC6nlvy9FMQYwvrtNA==",
      "deprecated": "Package no longer supported. Use @angular/common instead, see https://angular.io/guide/deprecations#angularhttp",
      "license": "MIT",
      "peer": true,
      "dependencies": {
        "tslib": "^1.7.1"
      },
      "peerDependencies": {
        "@angular/core": "4.4.7",
        "@angular/platform-browser": "4.4.7",
        "rxjs": "^5.0.1"
      }
    },
    "node_modules/@angular/platform-browser": {
      "version": "4.4.7",
      "resolved": "https://registry.npmjs.org/@angular/platform-browser/-/platform-browser-4.4.7.tgz",
      "integrity": "sha512-5WGMhUbaepmNoE597N/6R4jDdSqe4wwJblfi6bOJI34QStmD6QRnmg3H7ujr8lLhRBo9P3zH+hn7bM3RxUIEJg==",
      "license": "MIT",
      "dependencies": {
        "tslib": "^1.7.1"
      },
      "peerDependencies": {
        "@angular/common": "4.4.7",
        "@angular/core": "4.4.7"
      }
    },
    "node_modules/@angular/platform-browser-dynamic": {
      "version": "4.4.7",
      "resolved": "https://registry.npmjs.org/@angular/platform-browser-dynamic/-/platform-browser-dynamic-4.4.7.tgz",
      "integrity": "sha512-or6CB+LzK8zYn7K4rif32UvVadnbdrqBiT+5Yai1szNUUKuseqx2h1dsEgJQamkajsOUM7zjLYq4LrKJEEcm8A==",
      "license": "MIT",
      "dependencies": {
        "tslib": "^1.7.1"
      },
      "peerDependencies": {
        "@angular/common": "4.4.7",
        "@angular/compiler": "4.4.7",
        "@angular/core": "4.4.7",
        "@angular/platform-browser": "4.4.7"
      }
    },
    "node_modules/@angular/router": {
      "version": "4.4.7",
      "resolved": "https://registry.npmjs.org/@angular/router/-/router-4.4.7.tgz",
      "integrity": "sha512-WaVnBP41UdrUwReSUgB5YE6C37PrYFSaiFAoPRTx4RC0jeRE+ncFWwessVIh0kvfEK4ROkO3QK2BtLzMUY5GNg==",
      "license": "MIT",
      "dependencies": {
        "tslib": "^1.7.1"
      },
      "peerDependencies": {
        "@angular/common": "4.4.7",
        "@angular/core": "4.4.7",
        "@angular/platform-browser": "4.4.7",
        "rxjs": "^5.0.1"
      }
    },
    "node_modules/@angular/upgrade": {
      "version": "4.4.7",
      "resolved": "https://registry.npmjs.org/@angular/upgrade/-/upgrade-4.4.7.tgz",
      "integrity": "sha512-qVQHpu8mod/ibSDDp7W9F18uXKKOBkUkAga9e4jCTCzUNKMj5dVQETsJCtLVx1CTzYjQRa63Wz8ONTv7vUOISw==",
      "license": "MIT",
      "dependencies": {
        "tslib": "^1.7.1"
      },
      "peerDependencies": {
        "@angular/compiler": "4.4.7",
        "@angular/core": "4.4.7",
        "@angular/platform-browser": "4.4.7",
        "@angular/platform-browser-dynamic": "4.4.7"
      }
    },
    "node_modules/angular-in-memory-web-api": {
      "version": "0.4.6",
      "resolved": "https://registry.npmjs.org/angular-in-memory-web-api/-/angular-in-memory-web-api-0.4.6.tgz",
      "integrity": "sha512-41NoVWgZG34sBQCZdFavkfcB2gxwCZtUZ0XQugji4nH7eyRTbZM/rrA9PSmJvoAtjY3Sli9r5Vsn+j6uLtcJ7Q==",
      "license": "MIT",
      "peerDependencies": {
        "@angular/core": ">=2.0.0 <5.0.0 || >=4.0.0-beta <5.0.0",
        "@angular/http": ">=2.0.0 <5.0.0 || >=4.0.0-beta <5.0.0",
        "rxjs": "^5.1.0"
      }
    },
    "node_modules/angular2-slickgrid": {
      "version": "1.3.10",
      "resolved": "git+ssh://git@github.com/microsoft/angular2-slickgrid.git#35f00750ef2f544b17744cc167c0ff7997c114b4",
      "license": "ISC",
      "peerDependencies": {
        "@angular/common": "^4.1.3",
        "@angular/compiler": "^4.1.3",
        "@angular/core": "^4.1.3",
        "@angular/forms": "^4.1.3",
        "@angular/http": "^4.1.3",
        "@angular/platform-browser": "^4.1.3",
        "@angular/platform-browser-dynamic": "^4.1.3",
        "@angular/router": "^4.1.3",
        "@angular/upgrade": "^4.1.3",
        "core-js": "^2.4.1",
        "moment": "^2.15.1",
        "reflect-metadata": "^0.1.8",
        "rxjs": "^5.4.0",
        "slickgrid": "github:anthonydresser/SlickGrid#2.3.12",
        "systemjs": "0.19.40",
        "underscore": "^1.8.3",
        "zone.js": "^0.8.4"
      }
    },
    "node_modules/assert": {
      "version": "1.5.1",
      "resolved": "https://registry.npmjs.org/assert/-/assert-1.5.1.tgz",
      "integrity": "sha512-zzw1uCAgLbsKwBfFc8CX78DDg+xZeBksSO3vwVIDDN5i94eOrPsSSyiVhmsSABFDM/OcpE2aagCat9dnWQLG1A==",
      "dev": true,
      "license": "MIT",
      "dependencies": {
        "object.assign": "^4.1.4",
        "util": "^0.10.4"
      }
    },
    "node_modules/call-bind": {
      "version": "1.0.7",
      "resolved": "https://registry.npmjs.org/call-bind/-/call-bind-1.0.7.tgz",
      "integrity": "sha512-GHTSNSYICQ7scH7sZ+M2rFopRoLh8t2bLSW6BbgrtLsahOIB5iyAVJf9GjWK3cYTDaMj4XdBpM1cA6pIS0Kv2w==",
      "dev": true,
      "license": "MIT",
      "dependencies": {
        "es-define-property": "^1.0.0",
        "es-errors": "^1.3.0",
        "function-bind": "^1.1.2",
        "get-intrinsic": "^1.2.4",
        "set-function-length": "^1.2.1"
      },
      "engines": {
        "node": ">= 0.4"
      },
      "funding": {
        "url": "https://github.com/sponsors/ljharb"
      }
    },
    "node_modules/copy-paste": {
      "version": "1.5.3",
      "resolved": "https://registry.npmjs.org/copy-paste/-/copy-paste-1.5.3.tgz",
      "integrity": "sha512-qOnFo+8l8vemGmdcoCiD7gPTefkXEg2rivYE+EBtuKOj754eFivkGhGAM9e/xqShrpuVE11evSxGnHwVAUK1Iw==",
      "dependencies": {
        "iconv-lite": "^0.4.8"
      }
    },
    "node_modules/core-js": {
      "version": "2.6.12",
      "resolved": "https://registry.npmjs.org/core-js/-/core-js-2.6.12.tgz",
      "integrity": "sha512-Kb2wC0fvsWfQrgk8HU5lW6U/Lcs8+9aaYcy4ZFc6DDlo4nZ7n70dEgE5rtR0oG6ufKDUnrwfWL1mXR5ljDatrQ==",
      "deprecated": "core-js@<3.23.3 is no longer maintained and not recommended for usage due to the number of issues. Because of the V8 engine whims, feature detection in old core-js versions could cause a slowdown up to 100x even if nothing is polyfilled. Some versions have web compatibility issues. Please, upgrade your dependencies to the actual version of core-js.",
      "hasInstallScript": true,
      "license": "MIT"
    },
    "node_modules/define-data-property": {
      "version": "1.1.4",
      "resolved": "https://registry.npmjs.org/define-data-property/-/define-data-property-1.1.4.tgz",
      "integrity": "sha512-rBMvIzlpA8v6E+SJZoo++HAYqsLrkg7MSfIinMPFhmkorw7X+dOXVJQs+QT69zGkzMyfDnIMN2Wid1+NbL3T+A==",
      "dev": true,
      "license": "MIT",
      "dependencies": {
        "es-define-property": "^1.0.0",
        "es-errors": "^1.3.0",
        "gopd": "^1.0.1"
      },
      "engines": {
        "node": ">= 0.4"
      },
      "funding": {
        "url": "https://github.com/sponsors/ljharb"
      }
    },
    "node_modules/define-properties": {
      "version": "1.2.1",
      "resolved": "https://registry.npmjs.org/define-properties/-/define-properties-1.2.1.tgz",
      "integrity": "sha512-8QmQKqEASLd5nx0U1B1okLElbUuuttJ/AnYmRXbbbGDWh6uS208EjD4Xqq/I9wK7u0v6O08XhTWnt5XtEbR6Dg==",
      "dev": true,
      "license": "MIT",
      "dependencies": {
        "define-data-property": "^1.0.1",
        "has-property-descriptors": "^1.0.0",
        "object-keys": "^1.1.1"
      },
      "engines": {
        "node": ">= 0.4"
      },
      "funding": {
        "url": "https://github.com/sponsors/ljharb"
      }
    },
    "node_modules/es-define-property": {
      "version": "1.0.0",
      "resolved": "https://registry.npmjs.org/es-define-property/-/es-define-property-1.0.0.tgz",
      "integrity": "sha512-jxayLKShrEqqzJ0eumQbVhTYQM27CfT1T35+gCgDFoL82JLsXqTJ76zv6A0YLOgEnLUMvLzsDsGIrl8NFpT2gQ==",
      "dev": true,
      "license": "MIT",
      "dependencies": {
        "get-intrinsic": "^1.2.4"
      },
      "engines": {
        "node": ">= 0.4"
      }
    },
    "node_modules/es-errors": {
      "version": "1.3.0",
      "resolved": "https://registry.npmjs.org/es-errors/-/es-errors-1.3.0.tgz",
      "integrity": "sha512-Zf5H2Kxt2xjTvbJvP2ZWLEICxA6j+hAmMzIlypy4xcBg1vKVnx89Wy0GbS+kf5cwCVFFzdCFh2XSCFNULS6csw==",
      "dev": true,
      "license": "MIT",
      "engines": {
        "node": ">= 0.4"
      }
    },
    "node_modules/function-bind": {
      "version": "1.1.2",
      "resolved": "https://registry.npmjs.org/function-bind/-/function-bind-1.1.2.tgz",
      "integrity": "sha512-7XHNxH7qX9xG5mIwxkhumTox/MIRNcOgDrxWsMt2pAr23WHp6MrRlN7FBSFpCpr+oVO0F744iUgR82nJMfG2SA==",
      "dev": true,
      "license": "MIT",
      "funding": {
        "url": "https://github.com/sponsors/ljharb"
      }
    },
    "node_modules/get-intrinsic": {
      "version": "1.2.4",
      "resolved": "https://registry.npmjs.org/get-intrinsic/-/get-intrinsic-1.2.4.tgz",
      "integrity": "sha512-5uYhsJH8VJBTv7oslg4BznJYhDoRI6waYCxMmCdnTrcCrHA/fCFKoTFz2JKKE0HdDFUF7/oQuhzumXJK7paBRQ==",
      "dev": true,
      "license": "MIT",
      "dependencies": {
        "es-errors": "^1.3.0",
        "function-bind": "^1.1.2",
        "has-proto": "^1.0.1",
        "has-symbols": "^1.0.3",
        "hasown": "^2.0.0"
      },
      "engines": {
        "node": ">= 0.4"
      },
      "funding": {
        "url": "https://github.com/sponsors/ljharb"
      }
    },
    "node_modules/gopd": {
      "version": "1.0.1",
      "resolved": "https://registry.npmjs.org/gopd/-/gopd-1.0.1.tgz",
      "integrity": "sha512-d65bNlIadxvpb/A2abVdlqKqV563juRnZ1Wtk6s1sIR8uNsXR70xqIzVqxVf1eTqDunwT2MkczEeaezCKTZhwA==",
      "dev": true,
      "license": "MIT",
      "dependencies": {
        "get-intrinsic": "^1.1.3"
      },
      "funding": {
        "url": "https://github.com/sponsors/ljharb"
      }
    },
    "node_modules/has-property-descriptors": {
      "version": "1.0.2",
      "resolved": "https://registry.npmjs.org/has-property-descriptors/-/has-property-descriptors-1.0.2.tgz",
      "integrity": "sha512-55JNKuIW+vq4Ke1BjOTjM2YctQIvCT7GFzHwmfZPGo5wnrgkid0YQtnAleFSqumZm4az3n2BS+erby5ipJdgrg==",
      "dev": true,
      "license": "MIT",
      "dependencies": {
        "es-define-property": "^1.0.0"
      },
      "funding": {
        "url": "https://github.com/sponsors/ljharb"
      }
    },
    "node_modules/has-proto": {
      "version": "1.0.3",
      "resolved": "https://registry.npmjs.org/has-proto/-/has-proto-1.0.3.tgz",
      "integrity": "sha512-SJ1amZAJUiZS+PhsVLf5tGydlaVB8EdFpaSO4gmiUKUOxk8qzn5AIy4ZeJUmh22znIdk/uMAUT2pl3FxzVUH+Q==",
      "dev": true,
      "license": "MIT",
      "engines": {
        "node": ">= 0.4"
      },
      "funding": {
        "url": "https://github.com/sponsors/ljharb"
      }
    },
    "node_modules/has-symbols": {
      "version": "1.0.3",
      "resolved": "https://registry.npmjs.org/has-symbols/-/has-symbols-1.0.3.tgz",
      "integrity": "sha512-l3LCuF6MgDNwTDKkdYGEihYjt5pRPbEg46rtlmnSPlUbgmB8LOIrKJbYYFBSbnPaJexMKtiPO8hmeRjRz2Td+A==",
      "dev": true,
      "license": "MIT",
      "engines": {
        "node": ">= 0.4"
      },
      "funding": {
        "url": "https://github.com/sponsors/ljharb"
      }
    },
    "node_modules/hasown": {
      "version": "2.0.2",
      "resolved": "https://registry.npmjs.org/hasown/-/hasown-2.0.2.tgz",
      "integrity": "sha512-0hJU9SCPvmMzIBdZFqNPXWa6dqh7WdH0cII9y+CyS8rG3nL48Bclra9HmKhVVUHyPWNH5Y7xDwAB7bfgSjkUMQ==",
      "dev": true,
      "license": "MIT",
      "dependencies": {
        "function-bind": "^1.1.2"
      },
      "engines": {
        "node": ">= 0.4"
      }
    },
    "node_modules/iconv-lite": {
      "version": "0.4.24",
      "resolved": "https://registry.npmjs.org/iconv-lite/-/iconv-lite-0.4.24.tgz",
      "integrity": "sha512-v3MXnZAcvnywkTUEZomIActle7RXXeedOR31wwl7VlyoXO4Qi9arvSenNQWne1TcRwhCL1HwLI21bEqdpj8/rA==",
      "license": "MIT",
      "dependencies": {
        "safer-buffer": ">= 2.1.2 < 3"
      },
      "engines": {
        "node": ">=0.10.0"
      }
    },
    "node_modules/inherits": {
      "version": "2.0.3",
      "resolved": "https://registry.npmjs.org/inherits/-/inherits-2.0.3.tgz",
      "integrity": "sha512-x00IRNXNy63jwGkJmzPigoySHbaqpNuzKbBOmzK+g2OdZpQ9w+sxCN+VSB3ja7IAge2OP2qpfxTjeNcyjmW1uw==",
      "dev": true,
      "license": "ISC"
    },
    "node_modules/jasmine-core": {
      "version": "2.4.1",
      "resolved": "https://registry.npmjs.org/jasmine-core/-/jasmine-core-2.4.1.tgz",
      "integrity": "sha512-je45tHvlelm8hbkQ+7CYTZx5pVxe5gQP0xUNagQ36jZOYJyVpQaoJPs3Fs45vswj+6TC0LgE0D1mZ2XGcHqJFw==",
      "license": "MIT"
    },
    "node_modules/jquery": {
      "version": "3.7.1",
      "resolved": "https://registry.npmjs.org/jquery/-/jquery-3.7.1.tgz",
      "integrity": "sha512-m4avr8yL8kmFN8psrbFFFmB/If14iN5o9nw/NgnnM+kybDJpRsAynV2BsfpTYrTRysYUdADVD7CkUUizgkpLfg==",
      "license": "MIT"
    },
    "node_modules/jquery-ui": {
      "version": "1.14.0",
      "resolved": "https://registry.npmjs.org/jquery-ui/-/jquery-ui-1.14.0.tgz",
      "integrity": "sha512-mPfYKBoRCf0MzaT2cyW5i3IuZ7PfTITaasO5OFLAQxrHuI+ZxruPa+4/K1OMNT8oElLWGtIxc9aRbyw20BKr8g==",
      "license": "MIT",
      "dependencies": {
        "jquery": ">=1.12.0 <5.0.0"
      }
    },
    "node_modules/moment": {
      "version": "2.30.1",
      "resolved": "https://registry.npmjs.org/moment/-/moment-2.30.1.tgz",
      "integrity": "sha512-uEmtNhbDOrWPFS+hdjFCBfy9f2YoyzRpwcl+DqpC6taX21FzsTLQVbMV/W7PzNSX6x/bhC1zA3c2UQ5NzH6how==",
      "license": "MIT",
      "engines": {
        "node": "*"
      }
    },
    "node_modules/object-keys": {
      "version": "1.1.1",
      "resolved": "https://registry.npmjs.org/object-keys/-/object-keys-1.1.1.tgz",
      "integrity": "sha512-NuAESUOUMrlIXOfHKzD6bpPu3tYt3xvjNdRIQ+FeT0lNb4K8WR70CaDxhuNguS2XG+GjkyMwOzsN5ZktImfhLA==",
      "dev": true,
      "license": "MIT",
      "engines": {
        "node": ">= 0.4"
      }
    },
    "node_modules/object.assign": {
      "version": "4.1.5",
      "resolved": "https://registry.npmjs.org/object.assign/-/object.assign-4.1.5.tgz",
      "integrity": "sha512-byy+U7gp+FVwmyzKPYhW2h5l3crpmGsxl7X2s8y43IgxvG4g3QZ6CffDtsNQy1WsmZpQbO+ybo0AlW7TY6DcBQ==",
      "dev": true,
      "license": "MIT",
      "dependencies": {
        "call-bind": "^1.0.5",
        "define-properties": "^1.2.1",
        "has-symbols": "^1.0.3",
        "object-keys": "^1.1.1"
      },
      "engines": {
        "node": ">= 0.4"
      },
      "funding": {
        "url": "https://github.com/sponsors/ljharb"
      }
    },
    "node_modules/rangy": {
      "version": "1.3.1",
      "resolved": "https://registry.npmjs.org/rangy/-/rangy-1.3.1.tgz",
      "integrity": "sha512-gfo1FOzdvcrcCR+wf0XMKPJBD3p2nHUw2wvNtuKsaHoI2dXQ9vH2QIpSQMV+mWLvKSqPfDNThhlyK8UN1hJijw=="
    },
    "node_modules/reflect-metadata": {
      "version": "0.1.12",
      "resolved": "https://registry.npmjs.org/reflect-metadata/-/reflect-metadata-0.1.12.tgz",
      "integrity": "sha512-n+IyV+nGz3+0q3/Yf1ra12KpCyi001bi4XFxSjbiWWjfqb52iTTtpGXmCCAOWWIAn9KEuFZKGqBERHmrtScZ3A==",
      "license": "Apache-2.0"
    },
    "node_modules/rxjs": {
      "version": "5.5.12",
      "resolved": "https://registry.npmjs.org/rxjs/-/rxjs-5.5.12.tgz",
      "integrity": "sha512-xx2itnL5sBbqeeiVgNPVuQQ1nC8Jp2WfNJhXWHmElW9YmrpS9UVnNzhP3EH3HFqexO5Tlp8GhYY+WEcqcVMvGw==",
      "license": "Apache-2.0",
      "peer": true,
      "dependencies": {
        "symbol-observable": "1.0.1"
      },
      "engines": {
        "npm": ">=2.0.0"
      }
    },
    "node_modules/safer-buffer": {
      "version": "2.1.2",
      "resolved": "https://registry.npmjs.org/safer-buffer/-/safer-buffer-2.1.2.tgz",
      "integrity": "sha512-YZo3K82SD7Riyi0E1EQPojLz7kpepnSQI9IyPbHHg1XXXevb5dJI7tpyN2ADxGcQbHG7vcyRHk0cbwqcQriUtg==",
      "license": "MIT"
    },
    "node_modules/set-function-length": {
      "version": "1.2.2",
      "resolved": "https://registry.npmjs.org/set-function-length/-/set-function-length-1.2.2.tgz",
      "integrity": "sha512-pgRc4hJ4/sNjWCSS9AmnS40x3bNMDTknHgL5UaMBTMyJnU90EgWh1Rz+MC9eFu4BuN/UwZjKQuY/1v3rM7HMfg==",
      "dev": true,
      "license": "MIT",
      "dependencies": {
        "define-data-property": "^1.1.4",
        "es-errors": "^1.3.0",
        "function-bind": "^1.1.2",
        "get-intrinsic": "^1.2.4",
        "gopd": "^1.0.1",
        "has-property-descriptors": "^1.0.2"
      },
      "engines": {
        "node": ">= 0.4"
      }
    },
    "node_modules/slickgrid": {
      "version": "2.3.23",
      "resolved": "git+ssh://git@github.com/anthonydresser/SlickGrid.git#a88c0c25fd6cbe01be86b3018f523987a198a6b6",
      "license": "MIT",
      "dependencies": {
        "jquery": ">=1.8.0",
        "jquery-ui": ">=1.8.0"
      }
    },
    "node_modules/symbol-observable": {
      "version": "1.0.1",
      "resolved": "https://registry.npmjs.org/symbol-observable/-/symbol-observable-1.0.1.tgz",
      "integrity": "sha512-Kb3PrPYz4HanVF1LVGuAdW6LoVgIwjUYJGzFe7NDrBLCN4lsV/5J0MFurV+ygS4bRVwrCEt2c7MQ1R2a72oJDw==",
      "license": "MIT",
      "peer": true,
      "engines": {
        "node": ">=0.10.0"
      }
    },
    "node_modules/systemjs": {
      "version": "0.19.40",
      "resolved": "https://registry.npmjs.org/systemjs/-/systemjs-0.19.40.tgz",
      "integrity": "sha512-EPQiJqF4s5NUKupaGANd7UO8F52uXu0gcdGdwvssMURZGOYtMZyNYb5aFJxEYJszXLnY4uTsj+QCq/uQXKsNDw==",
      "license": "MIT",
      "dependencies": {
        "when": "^3.7.5"
      }
    },
    "node_modules/systemjs-plugin-json": {
      "version": "0.2.3",
      "resolved": "https://registry.npmjs.org/systemjs-plugin-json/-/systemjs-plugin-json-0.2.3.tgz",
      "integrity": "sha512-XD7QTCHa3LHxZRi/a65R5aoDQcjl4AWmMXuxVTjeAjSTL2RWGUnui/T0uTzoBeIf8L10Cn6CdnG4F4XxDNlXXQ==",
      "license": "MIT"
    },
    "node_modules/tslib": {
      "version": "1.14.1",
      "resolved": "https://registry.npmjs.org/tslib/-/tslib-1.14.1.tgz",
      "integrity": "sha512-Xni35NKzjgMrwevysHTCArtLDpPvye8zV/0E4EyYn43P7/7qvQwPh9BGkHewbMulVntbigmcT7rdX3BNo9wRJg==",
      "license": "0BSD"
    },
    "node_modules/underscore": {
      "version": "1.13.7",
      "resolved": "https://registry.npmjs.org/underscore/-/underscore-1.13.7.tgz",
      "integrity": "sha512-GMXzWtsc57XAtguZgaQViUOzs0KTkk8ojr3/xAxXLITqf/3EMwxC0inyETfDFjH/Krbhuep0HNbbjI9i/q3F3g==",
      "license": "MIT"
    },
    "node_modules/util": {
      "version": "0.10.4",
      "resolved": "https://registry.npmjs.org/util/-/util-0.10.4.tgz",
      "integrity": "sha512-0Pm9hTQ3se5ll1XihRic3FDIku70C+iHUdT/W926rSgHV5QgXsYbKZN8MSC3tJtSkhuROzvsQjAaFENRXr+19A==",
      "dev": true,
      "license": "MIT",
      "dependencies": {
        "inherits": "2.0.3"
      }
    },
    "node_modules/when": {
      "version": "3.7.8",
      "resolved": "https://registry.npmjs.org/when/-/when-3.7.8.tgz",
      "integrity": "sha512-5cZ7mecD3eYcMiCH4wtRPA5iFJZ50BJYDfckI5RRpQiktMiYTcn0ccLTZOvcbBume+1304fQztxeNzNS9Gvrnw==",
      "license": "MIT"
    },
    "node_modules/zone.js": {
      "version": "0.8.29",
      "resolved": "https://registry.npmjs.org/zone.js/-/zone.js-0.8.29.tgz",
      "integrity": "sha512-mla2acNCMkWXBD+c+yeUrBUrzOxYMNFdQ6FGfigGGtEVBPJx07BQeJekjt9DmH1FtZek4E9rE1eRR9qQpxACOQ==",
      "license": "MIT",
      "peer": true
    }
  }
}
