{
  "name": "htmlcontent",
  "version": "1.0.0",
  "lockfileVersion": 3,
  "requires": true,
  "packages": {
    "": {
      "name": "htmlcontent",
      "version": "1.0.0",
      "dependencies": {
        "@angular/common": "2.1.2",
        "@angular/compiler": "2.1.2",
        "@angular/core": "2.1.2",
        "@angular/forms": "2.1.2",
        "@angular/http": "2.1.2",
        "@angular/platform-browser": "2.1.2",
        "@angular/platform-browser-dynamic": "2.1.2",
        "@angular/router": "3.1.2",
        "@angular/upgrade": "2.1.2",
        "angular-in-memory-web-api": "0.1.13",
        "angular2-slickgrid": "github:microsoft/angular2-slickgrid#1.2.2",
        "copy-paste": "1.3.0",
        "core-js": "2.4.1",
        "jasmine-core": "2.4.1",
        "moment": "2.15.1",
        "rangy": "1.3.0",
        "reflect-metadata": "0.1.12",
        "slickgrid": "github:anthonydresser/SlickGrid#2.3.23",
        "systemjs": "0.19.40",
        "systemjs-plugin-json": "0.2.0",
        "underscore": "1.8.3",
        "zone.js": "0.6.26"
      },
      "devDependencies": {
        "assert": "1.4.1"
      }
    },
    "node_modules/@angular/common": {
      "version": "2.1.2",
      "resolved": "https://registry.npmjs.org/@angular/common/-/common-2.1.2.tgz",
      "integrity": "sha512-YmtHrf7A4msj3bOeFDO9kOUtnoMCJE/AYDINDk3jQzbjH6U0bl8qb8M7+UqEpjnawlrQm2Wc8PuY/sTb5oYUkg==",
      "license": "MIT",
      "peerDependencies": {
        "@angular/core": "2.1.2"
      }
    },
    "node_modules/@angular/compiler": {
      "version": "2.1.2",
      "resolved": "https://registry.npmjs.org/@angular/compiler/-/compiler-2.1.2.tgz",
      "integrity": "sha512-bVt0LmQtUBvmOaSavtade/OX5+yjuVg3N8q4xk5QJbyGpIhK5XUHlgyV+mu3INBBCJbBoHTQ/J6DqlRBhi/Z2Q==",
      "license": "MIT",
      "peerDependencies": {
        "@angular/core": "2.1.2"
      }
    },
    "node_modules/@angular/core": {
      "version": "2.1.2",
      "resolved": "https://registry.npmjs.org/@angular/core/-/core-2.1.2.tgz",
      "integrity": "sha512-1XioXNKok5uU+2EhpzaUP1LGrvT4nHxkaboDfsNq1zXdv+NQv3p3nywJeminE7BW4eslSBRQrdPgsi2+iKbvzQ==",
      "license": "MIT",
      "peerDependencies": {
        "rxjs": "5.0.0-beta.12",
        "zone.js": "^0.6.21"
      }
    },
    "node_modules/@angular/forms": {
      "version": "2.1.2",
      "resolved": "https://registry.npmjs.org/@angular/forms/-/forms-2.1.2.tgz",
      "integrity": "sha512-k2y4RDVv8Fg93Y7W9Tu+a5m8AMAyVpwGTa+nZ4D9STPaRORcWS+hZ9XirFJ39D62IkgUYBU5DURKbsYFmL5rlA==",
      "license": "MIT",
      "peerDependencies": {
        "@angular/common": "2.1.2",
        "@angular/core": "2.1.2"
      }
    },
    "node_modules/@angular/http": {
      "version": "2.1.2",
      "resolved": "https://registry.npmjs.org/@angular/http/-/http-2.1.2.tgz",
      "integrity": "sha512-zM15jL1MQrHICpStHFlaFm6D28gWUul3jAmF2zrQusIcYt3iiYK//vroe+S6SkeN1jnRCjY2LNbpjlvkvnw5yA==",
      "deprecated": "Package no longer supported. Use @angular/common instead, see https://angular.io/guide/deprecations#angularhttp",
      "license": "MIT",
      "peerDependencies": {
        "@angular/core": "2.1.2",
        "@angular/platform-browser": "2.1.2",
        "rxjs": "5.0.0-beta.12"
      }
    },
    "node_modules/@angular/platform-browser": {
      "version": "2.1.2",
      "resolved": "https://registry.npmjs.org/@angular/platform-browser/-/platform-browser-2.1.2.tgz",
      "integrity": "sha512-7UKjqoMf6KyrOCbrCWw4ZTrBrm7hnb1gQFJI1lTmE4IUt1XDpzVXnEDIDI4D/xRPwFZoP4BjRN0eBjXzoTWkqg==",
      "license": "MIT",
      "peerDependencies": {
        "@angular/common": "2.1.2",
        "@angular/core": "2.1.2"
      }
    },
    "node_modules/@angular/platform-browser-dynamic": {
      "version": "2.1.2",
      "resolved": "https://registry.npmjs.org/@angular/platform-browser-dynamic/-/platform-browser-dynamic-2.1.2.tgz",
      "integrity": "sha512-V6By68V/2uj6k4MPtRQKMQOgqKGDMTpJ8xih2T0xDgrP7U3G0mB+m6b5jCBvPAkFYcmMcNTmZlaxl16+YqDZ5A==",
      "license": "MIT",
      "peerDependencies": {
        "@angular/common": "2.1.2",
        "@angular/compiler": "2.1.2",
        "@angular/core": "2.1.2",
        "@angular/platform-browser": "2.1.2"
      }
    },
    "node_modules/@angular/router": {
      "version": "3.1.2",
      "resolved": "https://registry.npmjs.org/@angular/router/-/router-3.1.2.tgz",
      "integrity": "sha512-tvKMCqTkQFLO0otubTEL7Ssq3C5AhQfx3Roim633LYVWeeV8VbX3HWR1ZaoEK4Aa5syiL1SrjJvRhJuxmYy1sg==",
      "license": "MIT",
      "peerDependencies": {
        "@angular/common": "2.1.2",
        "@angular/core": "2.1.2",
        "@angular/platform-browser": "2.1.2",
        "rxjs": "5.0.0-beta.12"
      }
    },
    "node_modules/@angular/upgrade": {
      "version": "2.1.2",
      "resolved": "https://registry.npmjs.org/@angular/upgrade/-/upgrade-2.1.2.tgz",
      "integrity": "sha512-NBY9fxmSzo5pJOZw0mPmKM65oe69SKHlQICcLjm/XbKSYjJc40mr/oaiF+DYRE28MyZZH8Gszj1hwZUzWXej5Q==",
      "license": "MIT",
      "peerDependencies": {
        "@angular/compiler": "2.1.2",
        "@angular/core": "2.1.2",
        "@angular/platform-browser": "2.1.2",
        "@angular/platform-browser-dynamic": "2.1.2"
      }
    },
    "node_modules/angular-in-memory-web-api": {
      "version": "0.1.13",
      "resolved": "https://registry.npmjs.org/angular-in-memory-web-api/-/angular-in-memory-web-api-0.1.13.tgz",
      "integrity": "sha512-ZrdKsFinxM/U7SYFWQBP5oj+F6TsC0goTs0tBl5Y0eg8F6l0AFemjNODN7M4kYIgqv3brMEFaAmtMXNGnUJbqA==",
      "peerDependencies": {
        "@angular/core": "^2.0.0",
        "@angular/http": "^2.0.0",
        "reflect-metadata": "~0.1.8",
        "rxjs": "5.0.0-beta.12",
        "zone.js": "^0.6.25"
      }
    },
    "node_modules/angular2-slickgrid": {
      "version": "1.2.1",
      "resolved": "git+ssh://git@github.com/microsoft/angular2-slickgrid.git#d4716d9718df5012437cf2b52fcddde70089582d",
      "license": "ISC",
      "peerDependencies": {
        "@angular/common": "~2.1.2",
        "@angular/compiler": "~2.1.2",
        "@angular/core": "~2.1.2",
        "@angular/forms": "~2.1.2",
        "@angular/http": "~2.1.2",
        "@angular/platform-browser": "~2.1.2",
        "@angular/platform-browser-dynamic": "~2.1.2",
        "@angular/router": "~3.1.2",
        "@angular/upgrade": "~2.1.2",
        "angular-in-memory-web-api": "~0.1.13",
        "core-js": "^2.4.1",
        "moment": "^2.15.1",
        "reflect-metadata": "^0.1.8",
        "rxjs": "5.0.0-beta.12",
        "slickgrid": "github:anthonydresser/SlickGrid",
        "systemjs": "0.19.40",
        "underscore": "^1.8.3",
        "zone.js": "^0.6.26"
      }
    },
    "node_modules/assert": {
      "version": "1.4.1",
      "resolved": "https://registry.npmjs.org/assert/-/assert-1.4.1.tgz",
      "integrity": "sha512-N+aAxov+CKVS3JuhDIQFr24XvZvwE96Wlhk9dytTg/GmwWoghdOvR8dspx8MVz71O+Y0pA3UPqHF68D6iy8UvQ==",
      "dev": true,
      "license": "MIT",
      "dependencies": {
        "util": "0.10.3"
      }
    },
    "node_modules/copy-paste": {
      "version": "1.3.0",
      "resolved": "https://registry.npmjs.org/copy-paste/-/copy-paste-1.3.0.tgz",
      "integrity": "sha512-HA6le4vPZW2EuPFixuGUpVRKPdAmZyRlF30x5lTbfX7xXHN9NwX/+Sff7Getowosoe/lZIFwrjn4hvsYGe2vRw==",
      "dependencies": {
        "iconv-lite": "^0.4.8"
      },
      "optionalDependencies": {
        "sync-exec": "~0.6.x"
      }
    },
    "node_modules/core-js": {
      "version": "2.4.1",
      "resolved": "https://registry.npmjs.org/core-js/-/core-js-2.4.1.tgz",
      "integrity": "sha512-W4Zkayb9VI4zr+s7ReDSgTTaV9KWB4L997i8/mkOV2kY1c7QGNj91k8X0zcr8Tl24oYF6kiBomCDSYO4BvQQdQ==",
      "deprecated": "core-js@<3.23.3 is no longer maintained and not recommended for usage due to the number of issues. Because of the V8 engine whims, feature detection in old core-js versions could cause a slowdown up to 100x even if nothing is polyfilled. Some versions have web compatibility issues. Please, upgrade your dependencies to the actual version of core-js.",
      "license": "MIT"
    },
    "node_modules/iconv-lite": {
      "version": "0.4.24",
      "resolved": "https://registry.npmjs.org/iconv-lite/-/iconv-lite-0.4.24.tgz",
      "integrity": "sha512-v3MXnZAcvnywkTUEZomIActle7RXXeedOR31wwl7VlyoXO4Qi9arvSenNQWne1TcRwhCL1HwLI21bEqdpj8/rA==",
      "license": "MIT",
      "dependencies": {
        "safer-buffer": ">= 2.1.2 < 3"
      },
      "engines": {
        "node": ">=0.10.0"
      }
    },
    "node_modules/inherits": {
      "version": "2.0.1",
      "resolved": "https://registry.npmjs.org/inherits/-/inherits-2.0.1.tgz",
      "integrity": "sha512-8nWq2nLTAwd02jTqJExUYFSD/fKq6VH9Y/oG2accc/kdI0V98Bag8d5a4gi3XHz73rDWa2PvTtvcWYquKqSENA==",
      "dev": true,
      "license": "ISC"
    },
    "node_modules/jasmine-core": {
      "version": "2.4.1",
      "resolved": "https://registry.npmjs.org/jasmine-core/-/jasmine-core-2.4.1.tgz",
      "integrity": "sha512-je45tHvlelm8hbkQ+7CYTZx5pVxe5gQP0xUNagQ36jZOYJyVpQaoJPs3Fs45vswj+6TC0LgE0D1mZ2XGcHqJFw==",
      "license": "MIT"
    },
    "node_modules/jquery": {
      "version": "3.7.1",
      "resolved": "https://registry.npmjs.org/jquery/-/jquery-3.7.1.tgz",
      "integrity": "sha512-m4avr8yL8kmFN8psrbFFFmB/If14iN5o9nw/NgnnM+kybDJpRsAynV2BsfpTYrTRysYUdADVD7CkUUizgkpLfg==",
      "license": "MIT"
    },
    "node_modules/jquery-ui": {
      "version": "1.14.0",
      "resolved": "https://registry.npmjs.org/jquery-ui/-/jquery-ui-1.14.0.tgz",
      "integrity": "sha512-mPfYKBoRCf0MzaT2cyW5i3IuZ7PfTITaasO5OFLAQxrHuI+ZxruPa+4/K1OMNT8oElLWGtIxc9aRbyw20BKr8g==",
      "license": "MIT",
      "dependencies": {
        "jquery": ">=1.12.0 <5.0.0"
      }
    },
    "node_modules/moment": {
      "version": "2.15.1",
      "resolved": "https://registry.npmjs.org/moment/-/moment-2.15.1.tgz",
      "integrity": "sha512-VRuqlq9ET3eUjWkqgZtUegkYF664TRWaxmgwlHxboe653wv4stNaVKDufNfCDcGFu1EA2Bm26bD0NWLaFMHfvA==",
      "license": "MIT",
      "engines": {
        "node": "*"
      }
    },
    "node_modules/rangy": {
      "version": "1.3.0",
      "resolved": "https://registry.npmjs.org/rangy/-/rangy-1.3.0.tgz",
      "integrity": "sha512-hcN1Oo5xO7UDLU81aCnO9BEv4Dss6JmxPyrQSFQ16fVL1opbfTRtVpC6GVcGyk1CNvMYoZkrD4g92DGaScABzw=="
    },
    "node_modules/reflect-metadata": {
      "version": "0.1.12",
      "resolved": "https://registry.npmjs.org/reflect-metadata/-/reflect-metadata-0.1.12.tgz",
      "integrity": "sha512-n+IyV+nGz3+0q3/Yf1ra12KpCyi001bi4XFxSjbiWWjfqb52iTTtpGXmCCAOWWIAn9KEuFZKGqBERHmrtScZ3A==",
      "license": "Apache-2.0"
    },
    "node_modules/rxjs": {
      "version": "5.0.0-beta.12",
      "resolved": "https://registry.npmjs.org/rxjs/-/rxjs-5.0.0-beta.12.tgz",
      "integrity": "sha512-MbZwSgZC/hXrpP7Et1AF7diWebRzchskbVZwYExSLtRCoWKqjB35xoqon07/o7h92Nvctc3hRE8L84zbLu9C/g==",
      "license": "Apache-2.0",
      "peer": true,
      "dependencies": {
        "symbol-observable": "^1.0.1"
      },
      "engines": {
        "npm": ">=2.0.0"
      }
    },
    "node_modules/safer-buffer": {
      "version": "2.1.2",
      "resolved": "https://registry.npmjs.org/safer-buffer/-/safer-buffer-2.1.2.tgz",
      "integrity": "sha512-YZo3K82SD7Riyi0E1EQPojLz7kpepnSQI9IyPbHHg1XXXevb5dJI7tpyN2ADxGcQbHG7vcyRHk0cbwqcQriUtg==",
      "license": "MIT"
    },
    "node_modules/slickgrid": {
      "version": "2.3.23",
      "resolved": "git+ssh://git@github.com/anthonydresser/SlickGrid.git#a88c0c25fd6cbe01be86b3018f523987a198a6b6",
      "license": "MIT",
      "dependencies": {
        "jquery": ">=1.8.0",
        "jquery-ui": ">=1.8.0"
      }
    },
    "node_modules/symbol-observable": {
      "version": "1.2.0",
      "resolved": "https://registry.npmjs.org/symbol-observable/-/symbol-observable-1.2.0.tgz",
      "integrity": "sha512-e900nM8RRtGhlV36KGEU9k65K3mPb1WV70OdjfxlG2EAuM1noi/E/BaW/uMhL7bPEssK8QV57vN3esixjUvcXQ==",
      "license": "MIT",
      "peer": true,
      "engines": {
        "node": ">=0.10.0"
      }
    },
    "node_modules/sync-exec": {
      "version": "0.6.2",
      "resolved": "https://registry.npmjs.org/sync-exec/-/sync-exec-0.6.2.tgz",
      "integrity": "sha512-FHup6L3hMWn+2asiIC/7kj/3CaMM8aAAKPx62DRk42hQkz4H2yBADR0OnnY8Eh5Bxrzb371aPUfnW4WzAUYItQ==",
      "license": "MIT",
      "optional": true
    },
    "node_modules/systemjs": {
      "version": "0.19.40",
      "resolved": "https://registry.npmjs.org/systemjs/-/systemjs-0.19.40.tgz",
      "integrity": "sha512-EPQiJqF4s5NUKupaGANd7UO8F52uXu0gcdGdwvssMURZGOYtMZyNYb5aFJxEYJszXLnY4uTsj+QCq/uQXKsNDw==",
      "license": "MIT",
      "dependencies": {
        "when": "^3.7.5"
      }
    },
    "node_modules/systemjs-plugin-json": {
      "version": "0.2.0",
      "resolved": "https://registry.npmjs.org/systemjs-plugin-json/-/systemjs-plugin-json-0.2.0.tgz",
      "integrity": "sha512-xMFKO8YmlvcNdPeoN7cX1O2adAyA4+fcXZP/FWzSHkP2XEwzFVCN2Ew13wkbUIQZmjXhbvLhW8ZK/j1phaO1UA==",
      "license": "MIT"
    },
    "node_modules/underscore": {
      "version": "1.8.3",
      "resolved": "https://registry.npmjs.org/underscore/-/underscore-1.8.3.tgz",
      "integrity": "sha512-5WsVTFcH1ut/kkhAaHf4PVgI8c7++GiVcpCGxPouI6ZVjsqPnSDf8h/8HtVqc0t4fzRXwnMK70EcZeAs3PIddg==",
      "license": "MIT"
    },
    "node_modules/util": {
      "version": "0.10.3",
      "resolved": "https://registry.npmjs.org/util/-/util-0.10.3.tgz",
      "integrity": "sha512-5KiHfsmkqacuKjkRkdV7SsfDJ2EGiPsK92s2MhNSY0craxjTdKTtqKsJaCWp4LW33ZZ0OPUv1WO/TFvNQRiQxQ==",
      "dev": true,
      "license": "MIT",
      "dependencies": {
        "inherits": "2.0.1"
      }
    },
    "node_modules/when": {
      "version": "3.7.8",
      "resolved": "https://registry.npmjs.org/when/-/when-3.7.8.tgz",
      "integrity": "sha512-5cZ7mecD3eYcMiCH4wtRPA5iFJZ50BJYDfckI5RRpQiktMiYTcn0ccLTZOvcbBume+1304fQztxeNzNS9Gvrnw==",
      "license": "MIT"
    },
    "node_modules/zone.js": {
      "version": "0.6.26",
      "resolved": "https://registry.npmjs.org/zone.js/-/zone.js-0.6.26.tgz",
      "integrity": "sha512-SjtJJxWD81baZLEHJ02QUoqgnYTsWpAD/C2meVzeyM615deJPOm7BJxYRRpwuP7XsqeDXnJG1HP5odS1VPBa3w==",
      "license": "MIT"
    }
  }
}
